// !$*UTF8*$!
{
	archiveVersion = 1;
	classes = {
	};
	objectVersion = 48;
	objects = {

/* Begin PBXBuildFile section */
		6AB1D0A58707637CFC30D977 /* Pods_Reproductor_Musica.framework in Frameworks */ = {isa = PBXBuildFile; fileRef = BD0C786003FD548216242101 /* Pods_Reproductor_Musica.framework */; };
		CB13F9C31FF7C39100102A44 /* JS_3DTouchPeekController.swift in Sources */ = {isa = PBXBuildFile; fileRef = CB13F9C21FF7C39100102A44 /* JS_3DTouchPeekController.swift */; };
		CB13F9C61FF7CA4800102A44 /* JosePopover.swift in Sources */ = {isa = PBXBuildFile; fileRef = CB13F9C41FF7CA4800102A44 /* JosePopover.swift */; };
		CB13F9C71FF7CA4800102A44 /* JosePresentationView.swift in Sources */ = {isa = PBXBuildFile; fileRef = CB13F9C51FF7CA4800102A44 /* JosePresentationView.swift */; };
		CB13F9CA1FF8092E00102A44 /* JS_3DTouchCell.swift in Sources */ = {isa = PBXBuildFile; fileRef = CB13F9C81FF8092E00102A44 /* JS_3DTouchCell.swift */; };
		CB13F9CB1FF8092E00102A44 /* JS_3DTouchCell.xib in Resources */ = {isa = PBXBuildFile; fileRef = CB13F9C91FF8092E00102A44 /* JS_3DTouchCell.xib */; };
		CB19DF601FF51E8C00528138 /* JS_SistemMusicPlayer.swift in Sources */ = {isa = PBXBuildFile; fileRef = CB19DF5F1FF51E8C00528138 /* JS_SistemMusicPlayer.swift */; };
		CB29F6BC1FE6AD5400D5B5F2 /* JS_PageView.swift in Sources */ = {isa = PBXBuildFile; fileRef = CB29F6BB1FE6AD5400D5B5F2 /* JS_PageView.swift */; };
		CB29F6BE1FE6AD8500D5B5F2 /* JS_TitleView.swift in Sources */ = {isa = PBXBuildFile; fileRef = CB29F6BD1FE6AD8500D5B5F2 /* JS_TitleView.swift */; };
		CB29F6C01FE6ADB100D5B5F2 /* JS_PageStyle.swift in Sources */ = {isa = PBXBuildFile; fileRef = CB29F6BF1FE6ADB100D5B5F2 /* JS_PageStyle.swift */; };
		CB29F6C21FE6ADD100D5B5F2 /* JS_PageFlowLayout.swift in Sources */ = {isa = PBXBuildFile; fileRef = CB29F6C11FE6ADD100D5B5F2 /* JS_PageFlowLayout.swift */; };
		CB29F6C41FE6ADEF00D5B5F2 /* JS_PageCollectionView.swift in Sources */ = {isa = PBXBuildFile; fileRef = CB29F6C31FE6ADEF00D5B5F2 /* JS_PageCollectionView.swift */; };
		CB29F6C61FE6AE0E00D5B5F2 /* JS_ContentView.swift in Sources */ = {isa = PBXBuildFile; fileRef = CB29F6C51FE6AE0E00D5B5F2 /* JS_ContentView.swift */; };
		CB29F6C81FE6AF0000D5B5F2 /* JS_LocalLetterController.swift in Sources */ = {isa = PBXBuildFile; fileRef = CB29F6C71FE6AF0000D5B5F2 /* JS_LocalLetterController.swift */; };
		CB29F6CA1FE6AF0C00D5B5F2 /* JS_LocalAlbumController.swift in Sources */ = {isa = PBXBuildFile; fileRef = CB29F6C91FE6AF0C00D5B5F2 /* JS_LocalAlbumController.swift */; };
		CB2B6C681FE5AE2900731EDE /* JS_BrowseController.swift in Sources */ = {isa = PBXBuildFile; fileRef = CB2B6C671FE5AE2900731EDE /* JS_BrowseController.swift */; };
		CB2B6C6A1FE5AE3800731EDE /* JS_FavoriteController.swift in Sources */ = {isa = PBXBuildFile; fileRef = CB2B6C691FE5AE3800731EDE /* JS_FavoriteController.swift */; };
		CB2B6C6C1FE5AE4A00731EDE /* JS_LibraryController.swift in Sources */ = {isa = PBXBuildFile; fileRef = CB2B6C6B1FE5AE4A00731EDE /* JS_LibraryController.swift */; };
		CB2B6C6E1FE5AE5600731EDE /* JS_RadioController.swift in Sources */ = {isa = PBXBuildFile; fileRef = CB2B6C6D1FE5AE5600731EDE /* JS_RadioController.swift */; };
		CB2B6C701FE5AE5F00731EDE /* JS_SearchController.swift in Sources */ = {isa = PBXBuildFile; fileRef = CB2B6C6F1FE5AE5F00731EDE /* JS_SearchController.swift */; };
		CB2B6C721FE5AE7300731EDE /* JS_MainNavigationController.swift in Sources */ = {isa = PBXBuildFile; fileRef = CB2B6C711FE5AE7300731EDE /* JS_MainNavigationController.swift */; };
		CB2B6C741FE5AE8400731EDE /* JS_MainTabBarController.swift in Sources */ = {isa = PBXBuildFile; fileRef = CB2B6C731FE5AE8400731EDE /* JS_MainTabBarController.swift */; };
		CB2B6C761FE5B8B800731EDE /* Constant.swift in Sources */ = {isa = PBXBuildFile; fileRef = CB2B6C751FE5B8B800731EDE /* Constant.swift */; };
		CB2B6C7C1FE5BCAB00731EDE /* JS_PlayBar.swift in Sources */ = {isa = PBXBuildFile; fileRef = CB2B6C7B1FE5BCAB00731EDE /* JS_PlayBar.swift */; };
		CB2B6C7E1FE5BCB500731EDE /* JS_PlayBar.xib in Resources */ = {isa = PBXBuildFile; fileRef = CB2B6C7D1FE5BCB400731EDE /* JS_PlayBar.xib */; };
		CB2B6C811FE6567F00731EDE /* JS_LibraryCell.swift in Sources */ = {isa = PBXBuildFile; fileRef = CB2B6C7F1FE6567F00731EDE /* JS_LibraryCell.swift */; };
		CB2B6C821FE6567F00731EDE /* JS_LibraryCell.xib in Resources */ = {isa = PBXBuildFile; fileRef = CB2B6C801FE6567F00731EDE /* JS_LibraryCell.xib */; };
		CB2BF3181FE680F00031CA62 /* JS_TopView.swift in Sources */ = {isa = PBXBuildFile; fileRef = CB2BF3171FE680F00031CA62 /* JS_TopView.swift */; };
		CB2BF31A1FE6833B0031CA62 /* JS_TopTableHeader.swift in Sources */ = {isa = PBXBuildFile; fileRef = CB2BF3191FE6833B0031CA62 /* JS_TopTableHeader.swift */; };
		CB2BF31C1FE683440031CA62 /* JS_TopTableHeader.xib in Resources */ = {isa = PBXBuildFile; fileRef = CB2BF31B1FE683440031CA62 /* JS_TopTableHeader.xib */; };
		CB2BF31F1FE68E150031CA62 /* JS_LibraryReusableHeader.swift in Sources */ = {isa = PBXBuildFile; fileRef = CB2BF31D1FE68E150031CA62 /* JS_LibraryReusableHeader.swift */; };
		CB2BF3201FE68E150031CA62 /* JS_LibraryReusableHeader.xib in Resources */ = {isa = PBXBuildFile; fileRef = CB2BF31E1FE68E150031CA62 /* JS_LibraryReusableHeader.xib */; };
		CB2BF3221FE696D90031CA62 /* GestionFIleManager.swift in Sources */ = {isa = PBXBuildFile; fileRef = CB2BF3211FE696D90031CA62 /* GestionFIleManager.swift */; };
		CB2BF3261FE69BE90031CA62 /* String_Directory.swift in Sources */ = {isa = PBXBuildFile; fileRef = CB2BF3251FE69BE90031CA62 /* String_Directory.swift */; };
		CB2BF3281FE69C1A0031CA62 /* UIColor_Extension.swift in Sources */ = {isa = PBXBuildFile; fileRef = CB2BF3271FE69C1A0031CA62 /* UIColor_Extension.swift */; };
		CB2BF3361FE6A5960031CA62 /* JS_LocalByLetter.swift in Sources */ = {isa = PBXBuildFile; fileRef = CB2BF3341FE6A5960031CA62 /* JS_LocalByLetter.swift */; };
		CB2BF3371FE6A5960031CA62 /* JS_LocalByLetter.xib in Resources */ = {isa = PBXBuildFile; fileRef = CB2BF3351FE6A5960031CA62 /* JS_LocalByLetter.xib */; };
		CB2BF3391FE6A8610031CA62 /* JS_LocalViewController.swift in Sources */ = {isa = PBXBuildFile; fileRef = CB2BF3381FE6A8610031CA62 /* JS_LocalViewController.swift */; };
		CB31C9971FD7FCEA0004F71E /* AppDelegate.swift in Sources */ = {isa = PBXBuildFile; fileRef = CB31C9961FD7FCEA0004F71E /* AppDelegate.swift */; };
		CB31C9991FD7FCEA0004F71E /* ViewController.swift in Sources */ = {isa = PBXBuildFile; fileRef = CB31C9981FD7FCEA0004F71E /* ViewController.swift */; };
		CB31C99C1FD7FCEA0004F71E /* Main.storyboard in Resources */ = {isa = PBXBuildFile; fileRef = CB31C99A1FD7FCEA0004F71E /* Main.storyboard */; };
		CB31C99E1FD7FCEA0004F71E /* Assets.xcassets in Resources */ = {isa = PBXBuildFile; fileRef = CB31C99D1FD7FCEA0004F71E /* Assets.xcassets */; };
		CB31C9A11FD7FCEA0004F71E /* LaunchScreen.storyboard in Resources */ = {isa = PBXBuildFile; fileRef = CB31C99F1FD7FCEA0004F71E /* LaunchScreen.storyboard */; };
		CB399F491FEF0C9E0063DCB1 /* JS_UserDefaults.swift in Sources */ = {isa = PBXBuildFile; fileRef = CB399F481FEF0C9E0063DCB1 /* JS_UserDefaults.swift */; };
		CB3A23471FEAA94300203264 /* JS_LocalLetterCell.swift in Sources */ = {isa = PBXBuildFile; fileRef = CB3A23451FEAA94300203264 /* JS_LocalLetterCell.swift */; };
		CB3A23481FEAA94300203264 /* JS_LocalLetterCell.xib in Resources */ = {isa = PBXBuildFile; fileRef = CB3A23461FEAA94300203264 /* JS_LocalLetterCell.xib */; };
		CB7944D81FF6D221004E482E /* JS_CarpetaController.swift in Sources */ = {isa = PBXBuildFile; fileRef = CB7944D71FF6D221004E482E /* JS_CarpetaController.swift */; };
		CB8EC25B1FECE2C80091DEE9 /* JS_AVPlayer.swift in Sources */ = {isa = PBXBuildFile; fileRef = CB8EC25A1FECE2C80091DEE9 /* JS_AVPlayer.swift */; };
		CB8EC25D1FED931D0091DEE9 /* CALayer_PauseYResume.swift in Sources */ = {isa = PBXBuildFile; fileRef = CB8EC25C1FED931D0091DEE9 /* CALayer_PauseYResume.swift */; };
		CB95D2C31FEE1798001D4593 /* JS_MusicViewController.swift in Sources */ = {isa = PBXBuildFile; fileRef = CB95D2C11FEE1798001D4593 /* JS_MusicViewController.swift */; };
		CB95D2C81FEE7831001D4593 /* JS_MusicBasicView.swift in Sources */ = {isa = PBXBuildFile; fileRef = CB95D2C71FEE7831001D4593 /* JS_MusicBasicView.swift */; };
		CB95D2CA1FEE783F001D4593 /* JS_MusicBasicView.xib in Resources */ = {isa = PBXBuildFile; fileRef = CB95D2C91FEE783F001D4593 /* JS_MusicBasicView.xib */; };
		CBA40F541FE8292500DD15F7 /* JS_LocalMusic.swift in Sources */ = {isa = PBXBuildFile; fileRef = CBA40F531FE8292500DD15F7 /* JS_LocalMusic.swift */; };
		CBA8386B1FF3B7A500FD156C /* JS_ItunesCell.swift in Sources */ = {isa = PBXBuildFile; fileRef = CBA838691FF3B7A500FD156C /* JS_ItunesCell.swift */; };
		CBA8386C1FF3B7A500FD156C /* JS_ItunesCell.xib in Resources */ = {isa = PBXBuildFile; fileRef = CBA8386A1FF3B7A500FD156C /* JS_ItunesCell.xib */; };
		CBA838701FF41EE500FD156C /* JS_SongsWithAlbum.swift in Sources */ = {isa = PBXBuildFile; fileRef = CBA8386F1FF41EE500FD156C /* JS_SongsWithAlbum.swift */; };
		CBA838751FF424C400FD156C /* JS_SongsCell.swift in Sources */ = {isa = PBXBuildFile; fileRef = CBA838731FF424C400FD156C /* JS_SongsCell.swift */; };
		CBA838761FF424C400FD156C /* JS_SongsCell.xib in Resources */ = {isa = PBXBuildFile; fileRef = CBA838741FF424C400FD156C /* JS_SongsCell.xib */; };
		CBA838781FF427E500FD156C /* JS_SongsHeaderView.swift in Sources */ = {isa = PBXBuildFile; fileRef = CBA838771FF427E500FD156C /* JS_SongsHeaderView.swift */; };
		CBA8387A1FF427EF00FD156C /* JS_SongsHeaderView.xib in Resources */ = {isa = PBXBuildFile; fileRef = CBA838791FF427EF00FD156C /* JS_SongsHeaderView.xib */; };
		CBE2B7A01FF2BFDA00CB7635 /* JS_ItunesController.swift in Sources */ = {isa = PBXBuildFile; fileRef = CBE2B79F1FF2BFDA00CB7635 /* JS_ItunesController.swift */; };
/* End PBXBuildFile section */

/* Begin PBXFileReference section */
		246F69CFE82AB31303E2D70A /* Pods-Reproductor_Musica.release.xcconfig */ = {isa = PBXFileReference; includeInIndex = 1; lastKnownFileType = text.xcconfig; name = "Pods-Reproductor_Musica.release.xcconfig"; path = "Pods/Target Support Files/Pods-Reproductor_Musica/Pods-Reproductor_Musica.release.xcconfig"; sourceTree = "<group>"; };
		BD0C786003FD548216242101 /* Pods_Reproductor_Musica.framework */ = {isa = PBXFileReference; explicitFileType = wrapper.framework; includeInIndex = 0; path = Pods_Reproductor_Musica.framework; sourceTree = BUILT_PRODUCTS_DIR; };
		CB13F9C21FF7C39100102A44 /* JS_3DTouchPeekController.swift */ = {isa = PBXFileReference; lastKnownFileType = sourcecode.swift; path = JS_3DTouchPeekController.swift; sourceTree = "<group>"; };
		CB13F9C41FF7CA4800102A44 /* JosePopover.swift */ = {isa = PBXFileReference; lastKnownFileType = sourcecode.swift; path = JosePopover.swift; sourceTree = "<group>"; };
		CB13F9C51FF7CA4800102A44 /* JosePresentationView.swift */ = {isa = PBXFileReference; lastKnownFileType = sourcecode.swift; path = JosePresentationView.swift; sourceTree = "<group>"; };
		CB13F9C81FF8092E00102A44 /* JS_3DTouchCell.swift */ = {isa = PBXFileReference; lastKnownFileType = sourcecode.swift; path = JS_3DTouchCell.swift; sourceTree = "<group>"; };
		CB13F9C91FF8092E00102A44 /* JS_3DTouchCell.xib */ = {isa = PBXFileReference; lastKnownFileType = file.xib; path = JS_3DTouchCell.xib; sourceTree = "<group>"; };
		CB19DF5F1FF51E8C00528138 /* JS_SistemMusicPlayer.swift */ = {isa = PBXFileReference; lastKnownFileType = sourcecode.swift; path = JS_SistemMusicPlayer.swift; sourceTree = "<group>"; };
		CB29F6B41FE6AD1400D5B5F2 /* Const.swift */ = {isa = PBXFileReference; lastKnownFileType = sourcecode.swift; path = Const.swift; sourceTree = "<group>"; };
		CB29F6BB1FE6AD5400D5B5F2 /* JS_PageView.swift */ = {isa = PBXFileReference; lastKnownFileType = sourcecode.swift; path = JS_PageView.swift; sourceTree = "<group>"; };
		CB29F6BD1FE6AD8500D5B5F2 /* JS_TitleView.swift */ = {isa = PBXFileReference; lastKnownFileType = sourcecode.swift; path = JS_TitleView.swift; sourceTree = "<group>"; };
		CB29F6BF1FE6ADB100D5B5F2 /* JS_PageStyle.swift */ = {isa = PBXFileReference; lastKnownFileType = sourcecode.swift; path = JS_PageStyle.swift; sourceTree = "<group>"; };
		CB29F6C11FE6ADD100D5B5F2 /* JS_PageFlowLayout.swift */ = {isa = PBXFileReference; lastKnownFileType = sourcecode.swift; path = JS_PageFlowLayout.swift; sourceTree = "<group>"; };
		CB29F6C31FE6ADEF00D5B5F2 /* JS_PageCollectionView.swift */ = {isa = PBXFileReference; lastKnownFileType = sourcecode.swift; path = JS_PageCollectionView.swift; sourceTree = "<group>"; };
		CB29F6C51FE6AE0E00D5B5F2 /* JS_ContentView.swift */ = {isa = PBXFileReference; lastKnownFileType = sourcecode.swift; path = JS_ContentView.swift; sourceTree = "<group>"; };
		CB29F6C71FE6AF0000D5B5F2 /* JS_LocalLetterController.swift */ = {isa = PBXFileReference; lastKnownFileType = sourcecode.swift; path = JS_LocalLetterController.swift; sourceTree = "<group>"; };
		CB29F6C91FE6AF0C00D5B5F2 /* JS_LocalAlbumController.swift */ = {isa = PBXFileReference; lastKnownFileType = sourcecode.swift; path = JS_LocalAlbumController.swift; sourceTree = "<group>"; };
		CB2B6C671FE5AE2900731EDE /* JS_BrowseController.swift */ = {isa = PBXFileReference; lastKnownFileType = sourcecode.swift; path = JS_BrowseController.swift; sourceTree = "<group>"; };
		CB2B6C691FE5AE3800731EDE /* JS_FavoriteController.swift */ = {isa = PBXFileReference; lastKnownFileType = sourcecode.swift; path = JS_FavoriteController.swift; sourceTree = "<group>"; };
		CB2B6C6B1FE5AE4A00731EDE /* JS_LibraryController.swift */ = {isa = PBXFileReference; lastKnownFileType = sourcecode.swift; path = JS_LibraryController.swift; sourceTree = "<group>"; };
		CB2B6C6D1FE5AE5600731EDE /* JS_RadioController.swift */ = {isa = PBXFileReference; lastKnownFileType = sourcecode.swift; path = JS_RadioController.swift; sourceTree = "<group>"; };
		CB2B6C6F1FE5AE5F00731EDE /* JS_SearchController.swift */ = {isa = PBXFileReference; lastKnownFileType = sourcecode.swift; path = JS_SearchController.swift; sourceTree = "<group>"; };
		CB2B6C711FE5AE7300731EDE /* JS_MainNavigationController.swift */ = {isa = PBXFileReference; lastKnownFileType = sourcecode.swift; path = JS_MainNavigationController.swift; sourceTree = "<group>"; };
		CB2B6C731FE5AE8400731EDE /* JS_MainTabBarController.swift */ = {isa = PBXFileReference; lastKnownFileType = sourcecode.swift; path = JS_MainTabBarController.swift; sourceTree = "<group>"; };
		CB2B6C751FE5B8B800731EDE /* Constant.swift */ = {isa = PBXFileReference; lastKnownFileType = sourcecode.swift; path = Constant.swift; sourceTree = "<group>"; };
		CB2B6C7B1FE5BCAB00731EDE /* JS_PlayBar.swift */ = {isa = PBXFileReference; lastKnownFileType = sourcecode.swift; path = JS_PlayBar.swift; sourceTree = "<group>"; };
		CB2B6C7D1FE5BCB400731EDE /* JS_PlayBar.xib */ = {isa = PBXFileReference; lastKnownFileType = file.xib; path = JS_PlayBar.xib; sourceTree = "<group>"; };
		CB2B6C7F1FE6567F00731EDE /* JS_LibraryCell.swift */ = {isa = PBXFileReference; lastKnownFileType = sourcecode.swift; path = JS_LibraryCell.swift; sourceTree = "<group>"; };
		CB2B6C801FE6567F00731EDE /* JS_LibraryCell.xib */ = {isa = PBXFileReference; lastKnownFileType = file.xib; path = JS_LibraryCell.xib; sourceTree = "<group>"; };
		CB2BF3171FE680F00031CA62 /* JS_TopView.swift */ = {isa = PBXFileReference; lastKnownFileType = sourcecode.swift; path = JS_TopView.swift; sourceTree = "<group>"; };
		CB2BF3191FE6833B0031CA62 /* JS_TopTableHeader.swift */ = {isa = PBXFileReference; lastKnownFileType = sourcecode.swift; path = JS_TopTableHeader.swift; sourceTree = "<group>"; };
		CB2BF31B1FE683440031CA62 /* JS_TopTableHeader.xib */ = {isa = PBXFileReference; lastKnownFileType = file.xib; path = JS_TopTableHeader.xib; sourceTree = "<group>"; };
		CB2BF31D1FE68E150031CA62 /* JS_LibraryReusableHeader.swift */ = {isa = PBXFileReference; lastKnownFileType = sourcecode.swift; path = JS_LibraryReusableHeader.swift; sourceTree = "<group>"; };
		CB2BF31E1FE68E150031CA62 /* JS_LibraryReusableHeader.xib */ = {isa = PBXFileReference; lastKnownFileType = file.xib; path = JS_LibraryReusableHeader.xib; sourceTree = "<group>"; };
		CB2BF3211FE696D90031CA62 /* GestionFIleManager.swift */ = {isa = PBXFileReference; lastKnownFileType = sourcecode.swift; path = GestionFIleManager.swift; sourceTree = "<group>"; };
		CB2BF3251FE69BE90031CA62 /* String_Directory.swift */ = {isa = PBXFileReference; lastKnownFileType = sourcecode.swift; path = String_Directory.swift; sourceTree = "<group>"; };
		CB2BF3271FE69C1A0031CA62 /* UIColor_Extension.swift */ = {isa = PBXFileReference; lastKnownFileType = sourcecode.swift; path = UIColor_Extension.swift; sourceTree = "<group>"; };
		CB2BF3341FE6A5960031CA62 /* JS_LocalByLetter.swift */ = {isa = PBXFileReference; lastKnownFileType = sourcecode.swift; path = JS_LocalByLetter.swift; sourceTree = "<group>"; };
		CB2BF3351FE6A5960031CA62 /* JS_LocalByLetter.xib */ = {isa = PBXFileReference; lastKnownFileType = file.xib; path = JS_LocalByLetter.xib; sourceTree = "<group>"; };
		CB2BF3381FE6A8610031CA62 /* JS_LocalViewController.swift */ = {isa = PBXFileReference; lastKnownFileType = sourcecode.swift; path = JS_LocalViewController.swift; sourceTree = "<group>"; };
		CB31C9931FD7FCEA0004F71E /* Reproductor_Musica.app */ = {isa = PBXFileReference; explicitFileType = wrapper.application; includeInIndex = 0; path = Reproductor_Musica.app; sourceTree = BUILT_PRODUCTS_DIR; };
		CB31C9961FD7FCEA0004F71E /* AppDelegate.swift */ = {isa = PBXFileReference; lastKnownFileType = sourcecode.swift; path = AppDelegate.swift; sourceTree = "<group>"; };
		CB31C9981FD7FCEA0004F71E /* ViewController.swift */ = {isa = PBXFileReference; lastKnownFileType = sourcecode.swift; path = ViewController.swift; sourceTree = "<group>"; };
		CB31C99B1FD7FCEA0004F71E /* Base */ = {isa = PBXFileReference; lastKnownFileType = file.storyboard; name = Base; path = Base.lproj/Main.storyboard; sourceTree = "<group>"; };
		CB31C99D1FD7FCEA0004F71E /* Assets.xcassets */ = {isa = PBXFileReference; lastKnownFileType = folder.assetcatalog; path = Assets.xcassets; sourceTree = "<group>"; };
		CB31C9A01FD7FCEA0004F71E /* Base */ = {isa = PBXFileReference; lastKnownFileType = file.storyboard; name = Base; path = Base.lproj/LaunchScreen.storyboard; sourceTree = "<group>"; };
		CB31C9A21FD7FCEA0004F71E /* Info.plist */ = {isa = PBXFileReference; lastKnownFileType = text.plist.xml; path = Info.plist; sourceTree = "<group>"; };
		CB399F481FEF0C9E0063DCB1 /* JS_UserDefaults.swift */ = {isa = PBXFileReference; lastKnownFileType = sourcecode.swift; path = JS_UserDefaults.swift; sourceTree = "<group>"; };
		CB3A23451FEAA94300203264 /* JS_LocalLetterCell.swift */ = {isa = PBXFileReference; lastKnownFileType = sourcecode.swift; path = JS_LocalLetterCell.swift; sourceTree = "<group>"; };
		CB3A23461FEAA94300203264 /* JS_LocalLetterCell.xib */ = {isa = PBXFileReference; lastKnownFileType = file.xib; path = JS_LocalLetterCell.xib; sourceTree = "<group>"; };
		CB7944D71FF6D221004E482E /* JS_CarpetaController.swift */ = {isa = PBXFileReference; lastKnownFileType = sourcecode.swift; path = JS_CarpetaController.swift; sourceTree = "<group>"; };
		CB8EC25A1FECE2C80091DEE9 /* JS_AVPlayer.swift */ = {isa = PBXFileReference; lastKnownFileType = sourcecode.swift; path = JS_AVPlayer.swift; sourceTree = "<group>"; };
		CB8EC25C1FED931D0091DEE9 /* CALayer_PauseYResume.swift */ = {isa = PBXFileReference; lastKnownFileType = sourcecode.swift; path = CALayer_PauseYResume.swift; sourceTree = "<group>"; };
		CB95D2C11FEE1798001D4593 /* JS_MusicViewController.swift */ = {isa = PBXFileReference; lastKnownFileType = sourcecode.swift; path = JS_MusicViewController.swift; sourceTree = "<group>"; };
		CB95D2C71FEE7831001D4593 /* JS_MusicBasicView.swift */ = {isa = PBXFileReference; lastKnownFileType = sourcecode.swift; path = JS_MusicBasicView.swift; sourceTree = "<group>"; };
		CB95D2C91FEE783F001D4593 /* JS_MusicBasicView.xib */ = {isa = PBXFileReference; lastKnownFileType = file.xib; path = JS_MusicBasicView.xib; sourceTree = "<group>"; };
		CBA40F531FE8292500DD15F7 /* JS_LocalMusic.swift */ = {isa = PBXFileReference; lastKnownFileType = sourcecode.swift; path = JS_LocalMusic.swift; sourceTree = "<group>"; };
		CBA838691FF3B7A500FD156C /* JS_ItunesCell.swift */ = {isa = PBXFileReference; lastKnownFileType = sourcecode.swift; path = JS_ItunesCell.swift; sourceTree = "<group>"; };
		CBA8386A1FF3B7A500FD156C /* JS_ItunesCell.xib */ = {isa = PBXFileReference; lastKnownFileType = file.xib; path = JS_ItunesCell.xib; sourceTree = "<group>"; };
		CBA8386F1FF41EE500FD156C /* JS_SongsWithAlbum.swift */ = {isa = PBXFileReference; lastKnownFileType = sourcecode.swift; path = JS_SongsWithAlbum.swift; sourceTree = "<group>"; };
		CBA838731FF424C400FD156C /* JS_SongsCell.swift */ = {isa = PBXFileReference; lastKnownFileType = sourcecode.swift; path = JS_SongsCell.swift; sourceTree = "<group>"; };
		CBA838741FF424C400FD156C /* JS_SongsCell.xib */ = {isa = PBXFileReference; lastKnownFileType = file.xib; path = JS_SongsCell.xib; sourceTree = "<group>"; };
		CBA838771FF427E500FD156C /* JS_SongsHeaderView.swift */ = {isa = PBXFileReference; lastKnownFileType = sourcecode.swift; path = JS_SongsHeaderView.swift; sourceTree = "<group>"; };
		CBA838791FF427EF00FD156C /* JS_SongsHeaderView.xib */ = {isa = PBXFileReference; lastKnownFileType = file.xib; path = JS_SongsHeaderView.xib; sourceTree = "<group>"; };
		CBE2B79F1FF2BFDA00CB7635 /* JS_ItunesController.swift */ = {isa = PBXFileReference; lastKnownFileType = sourcecode.swift; path = JS_ItunesController.swift; sourceTree = "<group>"; };
		F4D1EF89531C5F192D052DE2 /* Pods-Reproductor_Musica.debug.xcconfig */ = {isa = PBXFileReference; includeInIndex = 1; lastKnownFileType = text.xcconfig; name = "Pods-Reproductor_Musica.debug.xcconfig"; path = "Pods/Target Support Files/Pods-Reproductor_Musica/Pods-Reproductor_Musica.debug.xcconfig"; sourceTree = "<group>"; };
/* End PBXFileReference section */

/* Begin PBXFrameworksBuildPhase section */
		CB31C9901FD7FCEA0004F71E /* Frameworks */ = {
			isa = PBXFrameworksBuildPhase;
			buildActionMask = 2147483647;
			files = (
				6AB1D0A58707637CFC30D977 /* Pods_Reproductor_Musica.framework in Frameworks */,
			);
			runOnlyForDeploymentPostprocessing = 0;
		};
/* End PBXFrameworksBuildPhase section */

/* Begin PBXGroup section */
		4D817F1F153AEF90E5C48BF9 /* Frameworks */ = {
			isa = PBXGroup;
			children = (
				BD0C786003FD548216242101 /* Pods_Reproductor_Musica.framework */,
			);
			name = Frameworks;
			sourceTree = "<group>";
		};
		54DD713823E75865BA3B4846 /* Pods */ = {
			isa = PBXGroup;
			children = (
				F4D1EF89531C5F192D052DE2 /* Pods-Reproductor_Musica.debug.xcconfig */,
				246F69CFE82AB31303E2D70A /* Pods-Reproductor_Musica.release.xcconfig */,
			);
			name = Pods;
			sourceTree = "<group>";
		};
		CB29F6B21FE6AD1400D5B5F2 /* JSPageView */ = {
			isa = PBXGroup;
			children = (
				CB29F6B31FE6AD1400D5B5F2 /* Extension */,
				CB29F6BB1FE6AD5400D5B5F2 /* JS_PageView.swift */,
				CB29F6BD1FE6AD8500D5B5F2 /* JS_TitleView.swift */,
				CB29F6BF1FE6ADB100D5B5F2 /* JS_PageStyle.swift */,
				CB29F6C11FE6ADD100D5B5F2 /* JS_PageFlowLayout.swift */,
				CB29F6C31FE6ADEF00D5B5F2 /* JS_PageCollectionView.swift */,
				CB29F6C51FE6AE0E00D5B5F2 /* JS_ContentView.swift */,
			);
			path = JSPageView;
			sourceTree = "<group>";
		};
		CB29F6B31FE6AD1400D5B5F2 /* Extension */ = {
			isa = PBXGroup;
			children = (
				CB29F6B41FE6AD1400D5B5F2 /* Const.swift */,
			);
			path = Extension;
			sourceTree = "<group>";
		};
		CB2B6C4A1FE5AE0F00731EDE /* Classes */ = {
			isa = PBXGroup;
			children = (
				CB2B6C571FE5AE0F00731EDE /* Main */,
				CB2B6C4B1FE5AE0F00731EDE /* Browse */,
				CB2B6C4F1FE5AE0F00731EDE /* Favorite */,
				CB2B6C531FE5AE0F00731EDE /* Library */,
				CB2B6C5B1FE5AE0F00731EDE /* Radio */,
				CB2B6C5F1FE5AE0F00731EDE /* Search */,
				CB2B6C631FE5AE0F00731EDE /* Tools */,
			);
			path = Classes;
			sourceTree = "<group>";
		};
		CB2B6C4B1FE5AE0F00731EDE /* Browse */ = {
			isa = PBXGroup;
			children = (
				CB2B6C4C1FE5AE0F00731EDE /* Controller */,
				CB2B6C4D1FE5AE0F00731EDE /* Model */,
				CB2B6C4E1FE5AE0F00731EDE /* View */,
			);
			path = Browse;
			sourceTree = "<group>";
		};
		CB2B6C4C1FE5AE0F00731EDE /* Controller */ = {
			isa = PBXGroup;
			children = (
				CB2B6C671FE5AE2900731EDE /* JS_BrowseController.swift */,
			);
			path = Controller;
			sourceTree = "<group>";
		};
		CB2B6C4D1FE5AE0F00731EDE /* Model */ = {
			isa = PBXGroup;
			children = (
			);
			path = Model;
			sourceTree = "<group>";
		};
		CB2B6C4E1FE5AE0F00731EDE /* View */ = {
			isa = PBXGroup;
			children = (
			);
			path = View;
			sourceTree = "<group>";
		};
		CB2B6C4F1FE5AE0F00731EDE /* Favorite */ = {
			isa = PBXGroup;
			children = (
				CB2B6C501FE5AE0F00731EDE /* Controller */,
				CB2B6C511FE5AE0F00731EDE /* Model */,
				CB2B6C521FE5AE0F00731EDE /* View */,
			);
			path = Favorite;
			sourceTree = "<group>";
		};
		CB2B6C501FE5AE0F00731EDE /* Controller */ = {
			isa = PBXGroup;
			children = (
				CB2B6C691FE5AE3800731EDE /* JS_FavoriteController.swift */,
			);
			path = Controller;
			sourceTree = "<group>";
		};
		CB2B6C511FE5AE0F00731EDE /* Model */ = {
			isa = PBXGroup;
			children = (
			);
			path = Model;
			sourceTree = "<group>";
		};
		CB2B6C521FE5AE0F00731EDE /* View */ = {
			isa = PBXGroup;
			children = (
			);
			path = View;
			sourceTree = "<group>";
		};
		CB2B6C531FE5AE0F00731EDE /* Library */ = {
			isa = PBXGroup;
			children = (
				CB2B6C541FE5AE0F00731EDE /* Controller */,
				CB2B6C551FE5AE0F00731EDE /* Model */,
				CB2B6C561FE5AE0F00731EDE /* View */,
			);
			path = Library;
			sourceTree = "<group>";
		};
		CB2B6C541FE5AE0F00731EDE /* Controller */ = {
			isa = PBXGroup;
			children = (
				CB7944D31FF6D204004E482E /* Carpeta */,
				CB2BF32B1FE6A4E50031CA62 /* Itunes */,
				CB2BF32F1FE6A4E50031CA62 /* Local */,
				CB2B6C6B1FE5AE4A00731EDE /* JS_LibraryController.swift */,
			);
			path = Controller;
			sourceTree = "<group>";
		};
		CB2B6C551FE5AE0F00731EDE /* Model */ = {
			isa = PBXGroup;
			children = (
				CBA40F531FE8292500DD15F7 /* JS_LocalMusic.swift */,
			);
			path = Model;
			sourceTree = "<group>";
		};
		CB2B6C561FE5AE0F00731EDE /* View */ = {
			isa = PBXGroup;
			children = (
				CB2B6C7F1FE6567F00731EDE /* JS_LibraryCell.swift */,
				CB2B6C801FE6567F00731EDE /* JS_LibraryCell.xib */,
				CB2BF31D1FE68E150031CA62 /* JS_LibraryReusableHeader.swift */,
				CB2BF31E1FE68E150031CA62 /* JS_LibraryReusableHeader.xib */,
			);
			path = View;
			sourceTree = "<group>";
		};
		CB2B6C571FE5AE0F00731EDE /* Main */ = {
			isa = PBXGroup;
			children = (
				CB2B6C581FE5AE0F00731EDE /* Controller */,
				CB2B6C591FE5AE0F00731EDE /* Model */,
				CB2B6C5A1FE5AE0F00731EDE /* View */,
			);
			path = Main;
			sourceTree = "<group>";
		};
		CB2B6C581FE5AE0F00731EDE /* Controller */ = {
			isa = PBXGroup;
			children = (
				CB2B6C711FE5AE7300731EDE /* JS_MainNavigationController.swift */,
				CB2B6C731FE5AE8400731EDE /* JS_MainTabBarController.swift */,
				CB2BF3171FE680F00031CA62 /* JS_TopView.swift */,
				CB95D2C11FEE1798001D4593 /* JS_MusicViewController.swift */,
				CB13F9C21FF7C39100102A44 /* JS_3DTouchPeekController.swift */,
			);
			path = Controller;
			sourceTree = "<group>";
		};
		CB2B6C591FE5AE0F00731EDE /* Model */ = {
			isa = PBXGroup;
			children = (
			);
			path = Model;
			sourceTree = "<group>";
		};
		CB2B6C5A1FE5AE0F00731EDE /* View */ = {
			isa = PBXGroup;
			children = (
				CB2B6C7B1FE5BCAB00731EDE /* JS_PlayBar.swift */,
				CB2B6C7D1FE5BCB400731EDE /* JS_PlayBar.xib */,
				CB2BF3191FE6833B0031CA62 /* JS_TopTableHeader.swift */,
				CB2BF31B1FE683440031CA62 /* JS_TopTableHeader.xib */,
				CB95D2C71FEE7831001D4593 /* JS_MusicBasicView.swift */,
				CB95D2C91FEE783F001D4593 /* JS_MusicBasicView.xib */,
				CB13F9C81FF8092E00102A44 /* JS_3DTouchCell.swift */,
				CB13F9C91FF8092E00102A44 /* JS_3DTouchCell.xib */,
			);
			path = View;
			sourceTree = "<group>";
		};
		CB2B6C5B1FE5AE0F00731EDE /* Radio */ = {
			isa = PBXGroup;
			children = (
				CB2B6C5C1FE5AE0F00731EDE /* Controller */,
				CB2B6C5D1FE5AE0F00731EDE /* Model */,
				CB2B6C5E1FE5AE0F00731EDE /* View */,
			);
			path = Radio;
			sourceTree = "<group>";
		};
		CB2B6C5C1FE5AE0F00731EDE /* Controller */ = {
			isa = PBXGroup;
			children = (
				CB2B6C6D1FE5AE5600731EDE /* JS_RadioController.swift */,
			);
			path = Controller;
			sourceTree = "<group>";
		};
		CB2B6C5D1FE5AE0F00731EDE /* Model */ = {
			isa = PBXGroup;
			children = (
			);
			path = Model;
			sourceTree = "<group>";
		};
		CB2B6C5E1FE5AE0F00731EDE /* View */ = {
			isa = PBXGroup;
			children = (
			);
			path = View;
			sourceTree = "<group>";
		};
		CB2B6C5F1FE5AE0F00731EDE /* Search */ = {
			isa = PBXGroup;
			children = (
				CB2B6C601FE5AE0F00731EDE /* Controller */,
				CB2B6C611FE5AE0F00731EDE /* Model */,
				CB2B6C621FE5AE0F00731EDE /* View */,
			);
			path = Search;
			sourceTree = "<group>";
		};
		CB2B6C601FE5AE0F00731EDE /* Controller */ = {
			isa = PBXGroup;
			children = (
				CB2B6C6F1FE5AE5F00731EDE /* JS_SearchController.swift */,
			);
			path = Controller;
			sourceTree = "<group>";
		};
		CB2B6C611FE5AE0F00731EDE /* Model */ = {
			isa = PBXGroup;
			children = (
			);
			path = Model;
			sourceTree = "<group>";
		};
		CB2B6C621FE5AE0F00731EDE /* View */ = {
			isa = PBXGroup;
			children = (
			);
			path = View;
			sourceTree = "<group>";
		};
		CB2B6C631FE5AE0F00731EDE /* Tools */ = {
			isa = PBXGroup;
			children = (
				CB2B6C641FE5AE0F00731EDE /* Extension */,
				CB2B6C651FE5AE0F00731EDE /* Lib */,
				CB2B6C661FE5AE0F00731EDE /* Other */,
			);
			path = Tools;
			sourceTree = "<group>";
		};
		CB2B6C641FE5AE0F00731EDE /* Extension */ = {
			isa = PBXGroup;
			children = (
				CB2BF3251FE69BE90031CA62 /* String_Directory.swift */,
				CB2BF3271FE69C1A0031CA62 /* UIColor_Extension.swift */,
				CB8EC25C1FED931D0091DEE9 /* CALayer_PauseYResume.swift */,
				CB399F481FEF0C9E0063DCB1 /* JS_UserDefaults.swift */,
			);
			path = Extension;
			sourceTree = "<group>";
		};
		CB2B6C651FE5AE0F00731EDE /* Lib */ = {
			isa = PBXGroup;
			children = (
				CB29F6B21FE6AD1400D5B5F2 /* JSPageView */,
				CB2BF3211FE696D90031CA62 /* GestionFIleManager.swift */,
				CB8EC25A1FECE2C80091DEE9 /* JS_AVPlayer.swift */,
				CB19DF5F1FF51E8C00528138 /* JS_SistemMusicPlayer.swift */,
			);
			path = Lib;
			sourceTree = "<group>";
		};
		CB2B6C661FE5AE0F00731EDE /* Other */ = {
			isa = PBXGroup;
			children = (
				CB13F9C41FF7CA4800102A44 /* JosePopover.swift */,
				CB13F9C51FF7CA4800102A44 /* JosePresentationView.swift */,
				CB2B6C751FE5B8B800731EDE /* Constant.swift */,
			);
			path = Other;
			sourceTree = "<group>";
		};
		CB2BF32B1FE6A4E50031CA62 /* Itunes */ = {
			isa = PBXGroup;
			children = (
				CB2BF32C1FE6A4E50031CA62 /* Controller */,
				CB2BF32D1FE6A4E50031CA62 /* Model */,
				CB2BF32E1FE6A4E50031CA62 /* View */,
			);
			path = Itunes;
			sourceTree = "<group>";
		};
		CB2BF32C1FE6A4E50031CA62 /* Controller */ = {
			isa = PBXGroup;
			children = (
				CBE2B79F1FF2BFDA00CB7635 /* JS_ItunesController.swift */,
				CBA8386F1FF41EE500FD156C /* JS_SongsWithAlbum.swift */,
			);
			path = Controller;
			sourceTree = "<group>";
		};
		CB2BF32D1FE6A4E50031CA62 /* Model */ = {
			isa = PBXGroup;
			children = (
			);
			path = Model;
			sourceTree = "<group>";
		};
		CB2BF32E1FE6A4E50031CA62 /* View */ = {
			isa = PBXGroup;
			children = (
				CBA838691FF3B7A500FD156C /* JS_ItunesCell.swift */,
				CBA8386A1FF3B7A500FD156C /* JS_ItunesCell.xib */,
				CBA838731FF424C400FD156C /* JS_SongsCell.swift */,
				CBA838741FF424C400FD156C /* JS_SongsCell.xib */,
				CBA838771FF427E500FD156C /* JS_SongsHeaderView.swift */,
				CBA838791FF427EF00FD156C /* JS_SongsHeaderView.xib */,
			);
			path = View;
			sourceTree = "<group>";
		};
		CB2BF32F1FE6A4E50031CA62 /* Local */ = {
			isa = PBXGroup;
			children = (
				CB2BF3301FE6A4E50031CA62 /* Controller */,
				CB2BF3321FE6A4E50031CA62 /* Model */,
				CB2BF3331FE6A4E50031CA62 /* View */,
			);
			path = Local;
			sourceTree = "<group>";
		};
		CB2BF3301FE6A4E50031CA62 /* Controller */ = {
			isa = PBXGroup;
			children = (
				CB2BF3381FE6A8610031CA62 /* JS_LocalViewController.swift */,
				CB29F6C71FE6AF0000D5B5F2 /* JS_LocalLetterController.swift */,
				CB29F6C91FE6AF0C00D5B5F2 /* JS_LocalAlbumController.swift */,
			);
			path = Controller;
			sourceTree = "<group>";
		};
		CB2BF3321FE6A4E50031CA62 /* Model */ = {
			isa = PBXGroup;
			children = (
			);
			path = Model;
			sourceTree = "<group>";
		};
		CB2BF3331FE6A4E50031CA62 /* View */ = {
			isa = PBXGroup;
			children = (
				CB2BF3341FE6A5960031CA62 /* JS_LocalByLetter.swift */,
				CB2BF3351FE6A5960031CA62 /* JS_LocalByLetter.xib */,
				CB3A23451FEAA94300203264 /* JS_LocalLetterCell.swift */,
				CB3A23461FEAA94300203264 /* JS_LocalLetterCell.xib */,
			);
			path = View;
			sourceTree = "<group>";
		};
		CB31C98A1FD7FCEA0004F71E = {
			isa = PBXGroup;
			children = (
				CB31C9951FD7FCEA0004F71E /* Reproductor_Musica */,
				CB31C9941FD7FCEA0004F71E /* Products */,
				54DD713823E75865BA3B4846 /* Pods */,
				4D817F1F153AEF90E5C48BF9 /* Frameworks */,
			);
			sourceTree = "<group>";
		};
		CB31C9941FD7FCEA0004F71E /* Products */ = {
			isa = PBXGroup;
			children = (
				CB31C9931FD7FCEA0004F71E /* Reproductor_Musica.app */,
			);
			name = Products;
			sourceTree = "<group>";
		};
		CB31C9951FD7FCEA0004F71E /* Reproductor_Musica */ = {
			isa = PBXGroup;
			children = (
				CB2B6C4A1FE5AE0F00731EDE /* Classes */,
				CB31C9961FD7FCEA0004F71E /* AppDelegate.swift */,
				CB31C9981FD7FCEA0004F71E /* ViewController.swift */,
				CB31C99A1FD7FCEA0004F71E /* Main.storyboard */,
				CB31C99D1FD7FCEA0004F71E /* Assets.xcassets */,
				CB31C99F1FD7FCEA0004F71E /* LaunchScreen.storyboard */,
				CB31C9A21FD7FCEA0004F71E /* Info.plist */,
			);
			path = Reproductor_Musica;
			sourceTree = "<group>";
		};
		CB7944D31FF6D204004E482E /* Carpeta */ = {
			isa = PBXGroup;
			children = (
				CB7944D41FF6D204004E482E /* Controller */,
				CB7944D51FF6D204004E482E /* Model */,
				CB7944D61FF6D204004E482E /* View */,
			);
			path = Carpeta;
			sourceTree = "<group>";
		};
		CB7944D41FF6D204004E482E /* Controller */ = {
			isa = PBXGroup;
			children = (
				CB7944D71FF6D221004E482E /* JS_CarpetaController.swift */,
			);
			path = Controller;
			sourceTree = "<group>";
		};
		CB7944D51FF6D204004E482E /* Model */ = {
			isa = PBXGroup;
			children = (
			);
			path = Model;
			sourceTree = "<group>";
		};
		CB7944D61FF6D204004E482E /* View */ = {
			isa = PBXGroup;
			children = (
			);
			path = View;
			sourceTree = "<group>";
		};
/* End PBXGroup section */

/* Begin PBXNativeTarget section */
		CB31C9921FD7FCEA0004F71E /* Reproductor_Musica */ = {
			isa = PBXNativeTarget;
			buildConfigurationList = CB31C9A51FD7FCEA0004F71E /* Build configuration list for PBXNativeTarget "Reproductor_Musica" */;
			buildPhases = (
				A504F5B105D96B19FFCF83D1 /* [CP] Check Pods Manifest.lock */,
				CB31C98F1FD7FCEA0004F71E /* Sources */,
				CB31C9901FD7FCEA0004F71E /* Frameworks */,
				CB31C9911FD7FCEA0004F71E /* Resources */,
				9A54878252A9139C11727EC1 /* [CP] Embed Pods Frameworks */,
				1F64000531D29F0E76751015 /* [CP] Copy Pods Resources */,
			);
			buildRules = (
			);
			dependencies = (
			);
			name = Reproductor_Musica;
			productName = Reproductor_Musica;
			productReference = CB31C9931FD7FCEA0004F71E /* Reproductor_Musica.app */;
			productType = "com.apple.product-type.application";
		};
/* End PBXNativeTarget section */

/* Begin PBXProject section */
		CB31C98B1FD7FCEA0004F71E /* Project object */ = {
			isa = PBXProject;
			attributes = {
				CLASSPREFIX = JS_;
				LastSwiftUpdateCheck = 0900;
				LastUpgradeCheck = 0900;
				ORGANIZATIONNAME = "浩哲 夏";
				TargetAttributes = {
					CB31C9921FD7FCEA0004F71E = {
						CreatedOnToolsVersion = 9.0;
						ProvisioningStyle = Automatic;
						SystemCapabilities = {
							com.apple.BackgroundModes = {
								enabled = 1;
							};
						};
					};
				};
			};
			buildConfigurationList = CB31C98E1FD7FCEA0004F71E /* Build configuration list for PBXProject "Reproductor_Musica" */;
			compatibilityVersion = "Xcode 8.0";
			developmentRegion = en;
			hasScannedForEncodings = 0;
			knownRegions = (
				en,
				Base,
			);
			mainGroup = CB31C98A1FD7FCEA0004F71E;
			productRefGroup = CB31C9941FD7FCEA0004F71E /* Products */;
			projectDirPath = "";
			projectRoot = "";
			targets = (
				CB31C9921FD7FCEA0004F71E /* Reproductor_Musica */,
			);
		};
/* End PBXProject section */

/* Begin PBXResourcesBuildPhase section */
		CB31C9911FD7FCEA0004F71E /* Resources */ = {
			isa = PBXResourcesBuildPhase;
			buildActionMask = 2147483647;
			files = (
				CB31C9A11FD7FCEA0004F71E /* LaunchScreen.storyboard in Resources */,
				CBA8386C1FF3B7A500FD156C /* JS_ItunesCell.xib in Resources */,
				CB2BF3201FE68E150031CA62 /* JS_LibraryReusableHeader.xib in Resources */,
				CB31C99E1FD7FCEA0004F71E /* Assets.xcassets in Resources */,
				CB95D2CA1FEE783F001D4593 /* JS_MusicBasicView.xib in Resources */,
				CBA8387A1FF427EF00FD156C /* JS_SongsHeaderView.xib in Resources */,
				CB2B6C7E1FE5BCB500731EDE /* JS_PlayBar.xib in Resources */,
				CB13F9CB1FF8092E00102A44 /* JS_3DTouchCell.xib in Resources */,
				CB2B6C821FE6567F00731EDE /* JS_LibraryCell.xib in Resources */,
				CBA838761FF424C400FD156C /* JS_SongsCell.xib in Resources */,
				CB2BF31C1FE683440031CA62 /* JS_TopTableHeader.xib in Resources */,
				CB31C99C1FD7FCEA0004F71E /* Main.storyboard in Resources */,
				CB2BF3371FE6A5960031CA62 /* JS_LocalByLetter.xib in Resources */,
				CB3A23481FEAA94300203264 /* JS_LocalLetterCell.xib in Resources */,
			);
			runOnlyForDeploymentPostprocessing = 0;
		};
/* End PBXResourcesBuildPhase section */

/* Begin PBXShellScriptBuildPhase section */
		1F64000531D29F0E76751015 /* [CP] Copy Pods Resources */ = {
			isa = PBXShellScriptBuildPhase;
			buildActionMask = 2147483647;
			files = (
			);
			inputPaths = (
			);
			name = "[CP] Copy Pods Resources";
			outputPaths = (
			);
			runOnlyForDeploymentPostprocessing = 0;
			shellPath = /bin/sh;
			shellScript = "\"${SRCROOT}/Pods/Target Support Files/Pods-Reproductor_Musica/Pods-Reproductor_Musica-resources.sh\"\n";
			showEnvVarsInLog = 0;
		};
		9A54878252A9139C11727EC1 /* [CP] Embed Pods Frameworks */ = {
			isa = PBXShellScriptBuildPhase;
			buildActionMask = 2147483647;
			files = (
			);
			inputPaths = (
			);
			name = "[CP] Embed Pods Frameworks";
			outputPaths = (
			);
			runOnlyForDeploymentPostprocessing = 0;
			shellPath = /bin/sh;
			shellScript = "\"${SRCROOT}/Pods/Target Support Files/Pods-Reproductor_Musica/Pods-Reproductor_Musica-frameworks.sh\"\n";
			showEnvVarsInLog = 0;
		};
		A504F5B105D96B19FFCF83D1 /* [CP] Check Pods Manifest.lock */ = {
			isa = PBXShellScriptBuildPhase;
			buildActionMask = 2147483647;
			files = (
			);
			inputPaths = (
			);
			name = "[CP] Check Pods Manifest.lock";
			outputPaths = (
			);
			runOnlyForDeploymentPostprocessing = 0;
			shellPath = /bin/sh;
			shellScript = "diff \"${PODS_ROOT}/../Podfile.lock\" \"${PODS_ROOT}/Manifest.lock\" > /dev/null\nif [ $? != 0 ] ; then\n    # print error to STDERR\n    echo \"error: The sandbox is not in sync with the Podfile.lock. Run 'pod install' or update your CocoaPods installation.\" >&2\n    exit 1\nfi\n";
			showEnvVarsInLog = 0;
		};
/* End PBXShellScriptBuildPhase section */

/* Begin PBXSourcesBuildPhase section */
		CB31C98F1FD7FCEA0004F71E /* Sources */ = {
			isa = PBXSourcesBuildPhase;
			buildActionMask = 2147483647;
			files = (
				CBE2B7A01FF2BFDA00CB7635 /* JS_ItunesController.swift in Sources */,
				CB29F6CA1FE6AF0C00D5B5F2 /* JS_LocalAlbumController.swift in Sources */,
				CB2B6C741FE5AE8400731EDE /* JS_MainTabBarController.swift in Sources */,
				CB3A23471FEAA94300203264 /* JS_LocalLetterCell.swift in Sources */,
				CB13F9C61FF7CA4800102A44 /* JosePopover.swift in Sources */,
				CB29F6C21FE6ADD100D5B5F2 /* JS_PageFlowLayout.swift in Sources */,
				CB29F6C01FE6ADB100D5B5F2 /* JS_PageStyle.swift in Sources */,
				CBA40F541FE8292500DD15F7 /* JS_LocalMusic.swift in Sources */,
				CB2BF3181FE680F00031CA62 /* JS_TopView.swift in Sources */,
				CBA838751FF424C400FD156C /* JS_SongsCell.swift in Sources */,
				CB13F9C31FF7C39100102A44 /* JS_3DTouchPeekController.swift in Sources */,
				CBA8386B1FF3B7A500FD156C /* JS_ItunesCell.swift in Sources */,
				CB2BF31F1FE68E150031CA62 /* JS_LibraryReusableHeader.swift in Sources */,
				CB2B6C6E1FE5AE5600731EDE /* JS_RadioController.swift in Sources */,
				CB29F6BE1FE6AD8500D5B5F2 /* JS_TitleView.swift in Sources */,
				CB2B6C701FE5AE5F00731EDE /* JS_SearchController.swift in Sources */,
				CB29F6C81FE6AF0000D5B5F2 /* JS_LocalLetterController.swift in Sources */,
				CB29F6C41FE6ADEF00D5B5F2 /* JS_PageCollectionView.swift in Sources */,
				CBA838701FF41EE500FD156C /* JS_SongsWithAlbum.swift in Sources */,
				CB2BF3281FE69C1A0031CA62 /* UIColor_Extension.swift in Sources */,
				CB95D2C81FEE7831001D4593 /* JS_MusicBasicView.swift in Sources */,
				CB31C9991FD7FCEA0004F71E /* ViewController.swift in Sources */,
				CB8EC25B1FECE2C80091DEE9 /* JS_AVPlayer.swift in Sources */,
				CBA838781FF427E500FD156C /* JS_SongsHeaderView.swift in Sources */,
				CB2B6C811FE6567F00731EDE /* JS_LibraryCell.swift in Sources */,
				CB2BF3221FE696D90031CA62 /* GestionFIleManager.swift in Sources */,
				CB2B6C721FE5AE7300731EDE /* JS_MainNavigationController.swift in Sources */,
				CB2B6C681FE5AE2900731EDE /* JS_BrowseController.swift in Sources */,
				CB2BF31A1FE6833B0031CA62 /* JS_TopTableHeader.swift in Sources */,
				CB2B6C6C1FE5AE4A00731EDE /* JS_LibraryController.swift in Sources */,
				CB2BF3391FE6A8610031CA62 /* JS_LocalViewController.swift in Sources */,
				CB399F491FEF0C9E0063DCB1 /* JS_UserDefaults.swift in Sources */,
				CB2BF3361FE6A5960031CA62 /* JS_LocalByLetter.swift in Sources */,
				CB95D2C31FEE1798001D4593 /* JS_MusicViewController.swift in Sources */,
				CB19DF601FF51E8C00528138 /* JS_SistemMusicPlayer.swift in Sources */,
				CB13F9CA1FF8092E00102A44 /* JS_3DTouchCell.swift in Sources */,
				CB2BF3261FE69BE90031CA62 /* String_Directory.swift in Sources */,
				CB2B6C7C1FE5BCAB00731EDE /* JS_PlayBar.swift in Sources */,
				CB13F9C71FF7CA4800102A44 /* JosePresentationView.swift in Sources */,
				CB29F6C61FE6AE0E00D5B5F2 /* JS_ContentView.swift in Sources */,
				CB2B6C761FE5B8B800731EDE /* Constant.swift in Sources */,
				CB7944D81FF6D221004E482E /* JS_CarpetaController.swift in Sources */,
				CB2B6C6A1FE5AE3800731EDE /* JS_FavoriteController.swift in Sources */,
				CB8EC25D1FED931D0091DEE9 /* CALayer_PauseYResume.swift in Sources */,
				CB31C9971FD7FCEA0004F71E /* AppDelegate.swift in Sources */,
				CB29F6BC1FE6AD5400D5B5F2 /* JS_PageView.swift in Sources */,
			);
			runOnlyForDeploymentPostprocessing = 0;
		};
/* End PBXSourcesBuildPhase section */

/* Begin PBXVariantGroup section */
		CB31C99A1FD7FCEA0004F71E /* Main.storyboard */ = {
			isa = PBXVariantGroup;
			children = (
				CB31C99B1FD7FCEA0004F71E /* Base */,
			);
			name = Main.storyboard;
			sourceTree = "<group>";
		};
		CB31C99F1FD7FCEA0004F71E /* LaunchScreen.storyboard */ = {
			isa = PBXVariantGroup;
			children = (
				CB31C9A01FD7FCEA0004F71E /* Base */,
			);
			name = LaunchScreen.storyboard;
			sourceTree = "<group>";
		};
/* End PBXVariantGroup section */

/* Begin XCBuildConfiguration section */
		CB31C9A31FD7FCEA0004F71E /* Debug */ = {
			isa = XCBuildConfiguration;
			buildSettings = {
				ALWAYS_SEARCH_USER_PATHS = NO;
				CLANG_ANALYZER_NONNULL = YES;
				CLANG_ANALYZER_NUMBER_OBJECT_CONVERSION = YES_AGGRESSIVE;
				CLANG_CXX_LANGUAGE_STANDARD = "gnu++14";
				CLANG_CXX_LIBRARY = "libc++";
				CLANG_ENABLE_MODULES = YES;
				CLANG_ENABLE_OBJC_ARC = YES;
				CLANG_WARN_BLOCK_CAPTURE_AUTORELEASING = YES;
				CLANG_WARN_BOOL_CONVERSION = YES;
				CLANG_WARN_COMMA = YES;
				CLANG_WARN_CONSTANT_CONVERSION = YES;
				CLANG_WARN_DIRECT_OBJC_ISA_USAGE = YES_ERROR;
				CLANG_WARN_DOCUMENTATION_COMMENTS = YES;
				CLANG_WARN_EMPTY_BODY = YES;
				CLANG_WARN_ENUM_CONVERSION = YES;
				CLANG_WARN_INFINITE_RECURSION = YES;
				CLANG_WARN_INT_CONVERSION = YES;
				CLANG_WARN_NON_LITERAL_NULL_CONVERSION = YES;
				CLANG_WARN_OBJC_LITERAL_CONVERSION = YES;
				CLANG_WARN_OBJC_ROOT_CLASS = YES_ERROR;
				CLANG_WARN_RANGE_LOOP_ANALYSIS = YES;
				CLANG_WARN_STRICT_PROTOTYPES = YES;
				CLANG_WARN_SUSPICIOUS_MOVE = YES;
				CLANG_WARN_UNGUARDED_AVAILABILITY = YES_AGGRESSIVE;
				CLANG_WARN_UNREACHABLE_CODE = YES;
				CLANG_WARN__DUPLICATE_METHOD_MATCH = YES;
				CODE_SIGN_IDENTITY = "iPhone Developer";
				COPY_PHASE_STRIP = NO;
				DEBUG_INFORMATION_FORMAT = dwarf;
				ENABLE_STRICT_OBJC_MSGSEND = YES;
				ENABLE_TESTABILITY = YES;
				GCC_C_LANGUAGE_STANDARD = gnu11;
				GCC_DYNAMIC_NO_PIC = NO;
				GCC_NO_COMMON_BLOCKS = YES;
				GCC_OPTIMIZATION_LEVEL = 0;
				GCC_PREPROCESSOR_DEFINITIONS = (
					"DEBUG=1",
					"$(inherited)",
				);
				GCC_WARN_64_TO_32_BIT_CONVERSION = YES;
				GCC_WARN_ABOUT_RETURN_TYPE = YES_ERROR;
				GCC_WARN_UNDECLARED_SELECTOR = YES;
				GCC_WARN_UNINITIALIZED_AUTOS = YES_AGGRESSIVE;
				GCC_WARN_UNUSED_FUNCTION = YES;
				GCC_WARN_UNUSED_VARIABLE = YES;
				IPHONEOS_DEPLOYMENT_TARGET = 10.1;
				MTL_ENABLE_DEBUG_INFO = YES;
				ONLY_ACTIVE_ARCH = YES;
				SDKROOT = iphoneos;
				SWIFT_ACTIVE_COMPILATION_CONDITIONS = DEBUG;
				SWIFT_OPTIMIZATION_LEVEL = "-Onone";
			};
			name = Debug;
		};
		CB31C9A41FD7FCEA0004F71E /* Release */ = {
			isa = XCBuildConfiguration;
			buildSettings = {
				ALWAYS_SEARCH_USER_PATHS = NO;
				CLANG_ANALYZER_NONNULL = YES;
				CLANG_ANALYZER_NUMBER_OBJECT_CONVERSION = YES_AGGRESSIVE;
				CLANG_CXX_LANGUAGE_STANDARD = "gnu++14";
				CLANG_CXX_LIBRARY = "libc++";
				CLANG_ENABLE_MODULES = YES;
				CLANG_ENABLE_OBJC_ARC = YES;
				CLANG_WARN_BLOCK_CAPTURE_AUTORELEASING = YES;
				CLANG_WARN_BOOL_CONVERSION = YES;
				CLANG_WARN_COMMA = YES;
				CLANG_WARN_CONSTANT_CONVERSION = YES;
				CLANG_WARN_DIRECT_OBJC_ISA_USAGE = YES_ERROR;
				CLANG_WARN_DOCUMENTATION_COMMENTS = YES;
				CLANG_WARN_EMPTY_BODY = YES;
				CLANG_WARN_ENUM_CONVERSION = YES;
				CLANG_WARN_INFINITE_RECURSION = YES;
				CLANG_WARN_INT_CONVERSION = YES;
				CLANG_WARN_NON_LITERAL_NULL_CONVERSION = YES;
				CLANG_WARN_OBJC_LITERAL_CONVERSION = YES;
				CLANG_WARN_OBJC_ROOT_CLASS = YES_ERROR;
				CLANG_WARN_RANGE_LOOP_ANALYSIS = YES;
				CLANG_WARN_STRICT_PROTOTYPES = YES;
				CLANG_WARN_SUSPICIOUS_MOVE = YES;
				CLANG_WARN_UNGUARDED_AVAILABILITY = YES_AGGRESSIVE;
				CLANG_WARN_UNREACHABLE_CODE = YES;
				CLANG_WARN__DUPLICATE_METHOD_MATCH = YES;
				CODE_SIGN_IDENTITY = "iPhone Developer";
				COPY_PHASE_STRIP = NO;
				DEBUG_INFORMATION_FORMAT = "dwarf-with-dsym";
				ENABLE_NS_ASSERTIONS = NO;
				ENABLE_STRICT_OBJC_MSGSEND = YES;
				GCC_C_LANGUAGE_STANDARD = gnu11;
				GCC_NO_COMMON_BLOCKS = YES;
				GCC_WARN_64_TO_32_BIT_CONVERSION = YES;
				GCC_WARN_ABOUT_RETURN_TYPE = YES_ERROR;
				GCC_WARN_UNDECLARED_SELECTOR = YES;
				GCC_WARN_UNINITIALIZED_AUTOS = YES_AGGRESSIVE;
				GCC_WARN_UNUSED_FUNCTION = YES;
				GCC_WARN_UNUSED_VARIABLE = YES;
				IPHONEOS_DEPLOYMENT_TARGET = 10.1;
				MTL_ENABLE_DEBUG_INFO = NO;
				SDKROOT = iphoneos;
				SWIFT_OPTIMIZATION_LEVEL = "-Owholemodule";
				VALIDATE_PRODUCT = YES;
			};
			name = Release;
		};
		CB31C9A61FD7FCEA0004F71E /* Debug */ = {
			isa = XCBuildConfiguration;
			baseConfigurationReference = F4D1EF89531C5F192D052DE2 /* Pods-Reproductor_Musica.debug.xcconfig */;
			buildSettings = {
				ASSETCATALOG_COMPILER_APPICON_NAME = AppIcon;
				CODE_SIGN_STYLE = Automatic;
				DEVELOPMENT_TEAM = Q9FQ8LK3ZQ;
				INFOPLIST_FILE = Reproductor_Musica/Info.plist;
				IPHONEOS_DEPLOYMENT_TARGET = 10.1;
				LD_RUNPATH_SEARCH_PATHS = "$(inherited) @executable_path/Frameworks";
				PRODUCT_BUNDLE_IDENTIFIER = "IOS.Reproductor-Musica";
				PRODUCT_NAME = "$(TARGET_NAME)";
				SWIFT_VERSION = 4.0;
				TARGETED_DEVICE_FAMILY = "1,2";
			};
			name = Debug;
		};
		CB31C9A71FD7FCEA0004F71E /* Release */ = {
			isa = XCBuildConfiguration;
			baseConfigurationReference = 246F69CFE82AB31303E2D70A /* Pods-Reproductor_Musica.release.xcconfig */;
			buildSettings = {
				ASSETCATALOG_COMPILER_APPICON_NAME = AppIcon;
				CODE_SIGN_STYLE = Automatic;
				DEVELOPMENT_TEAM = Q9FQ8LK3ZQ;
				INFOPLIST_FILE = Reproductor_Musica/Info.plist;
				IPHONEOS_DEPLOYMENT_TARGET = 10.1;
				LD_RUNPATH_SEARCH_PATHS = "$(inherited) @executable_path/Frameworks";
				PRODUCT_BUNDLE_IDENTIFIER = "IOS.Reproductor-Musica";
				PRODUCT_NAME = "$(TARGET_NAME)";
				SWIFT_VERSION = 4.0;
				TARGETED_DEVICE_FAMILY = "1,2";
			};
			name = Release;
		};
/* End XCBuildConfiguration section */

/* Begin XCConfigurationList section */
		CB31C98E1FD7FCEA0004F71E /* Build configuration list for PBXProject "Reproductor_Musica" */ = {
			isa = XCConfigurationList;
			buildConfigurations = (
				CB31C9A31FD7FCEA0004F71E /* Debug */,
				CB31C9A41FD7FCEA0004F71E /* Release */,
			);
			defaultConfigurationIsVisible = 0;
			defaultConfigurationName = Release;
		};
		CB31C9A51FD7FCEA0004F71E /* Build configuration list for PBXNativeTarget "Reproductor_Musica" */ = {
			isa = XCConfigurationList;
			buildConfigurations = (
				CB31C9A61FD7FCEA0004F71E /* Debug */,
				CB31C9A71FD7FCEA0004F71E /* Release */,
			);
			defaultConfigurationIsVisible = 0;
			defaultConfigurationName = Release;
		};
/* End XCConfigurationList section */
	};
	rootObject = CB31C98B1FD7FCEA0004F71E /* Project object */;
}
